
Microsoft Visual Studio Solution File, Format Version 12.00
# Visual Studio Version 16
VisualStudioVersion = 16.0.32106.194
MinimumVisualStudioVersion = 10.0.40219.1
Project("{9A19103F-16F7-4668-BE54-9A1E7A4F7556}") = "Guia de laboratorio 3", "Guia de laboratorio 3.csproj", "{86B3698B-6AC2-4C73-AD82-7464A52FB9E6}"
EndProject
Project("{FAE04EC0-301F-11D3-BF4B-00C04F79EFBC}") = "App2", "..\App2\App2.csproj", "{43E2B637-4339-494F-B9A6-1EEAB29DFECC}"
EndProject
Global
	GlobalSection(SolutionConfigurationPlatforms) = preSolution
		Debug|Any CPU = Debug|Any CPU
		Release|Any CPU = Release|Any CPU
	EndGlobalSection
	GlobalSection(ProjectConfigurationPlatforms) = postSolution
		{86B3698B-6AC2-4C73-AD82-7464A52FB9E6}.Debug|Any CPU.ActiveCfg = Debug|Any CPU
		{86B3698B-6AC2-4C73-AD82-7464A52FB9E6}.Debug|Any CPU.Build.0 = Debug|Any CPU
		{86B3698B-6AC2-4C73-AD82-7464A52FB9E6}.Release|Any CPU.ActiveCfg = Release|Any CPU
		{86B3698B-6AC2-4C73-AD82-7464A52FB9E6}.Release|Any CPU.Build.0 = Release|Any CPU
		{43E2B637-4339-494F-B9A6-1EEAB29DFECC}.Debug|Any CPU.ActiveCfg = Debug|Any CPU
		{43E2B637-4339-494F-B9A6-1EEAB29DFECC}.Debug|Any CPU.Build.0 = Debug|Any CPU
		{43E2B637-4339-494F-B9A6-1EEAB29DFECC}.Release|Any CPU.ActiveCfg = Release|Any CPU
		{43E2B637-4339-494F-B9A6-1EEAB29DFECC}.Release|Any CPU.Build.0 = Release|Any CPU
	EndGlobalSection
	GlobalSection(SolutionProperties) = preSolution
		HideSolutionNode = FALSE
	EndGlobalSection
	GlobalSection(ExtensibilityGlobals) = postSolution
		SolutionGuid = {437D3FF2-BE44-4804-B007-C98D387FE0EB}
	EndGlobalSection
EndGlobal
